// !$*UTF8*$!
{
	archiveVersion = 1;
	classes = {
	};
	objectVersion = 51;
	objects = {

/* Begin PBXBuildFile section */
		5BAF23B9B596B6C33968983F /* Pods_WeatherApp.framework in Frameworks */ = {isa = PBXBuildFile; fileRef = 65A18CEBD24FBD07397096F6 /* Pods_WeatherApp.framework */; };
		9200C71D25199A00008569B9 /* AppDelegate.swift in Sources */ = {isa = PBXBuildFile; fileRef = 9200C71C25199A00008569B9 /* AppDelegate.swift */; };
		9200C71F25199A00008569B9 /* SceneDelegate.swift in Sources */ = {isa = PBXBuildFile; fileRef = 9200C71E25199A00008569B9 /* SceneDelegate.swift */; };
		9200C72125199A00008569B9 /* ViewController.swift in Sources */ = {isa = PBXBuildFile; fileRef = 9200C72025199A00008569B9 /* ViewController.swift */; };
		9200C72425199A00008569B9 /* Main.storyboard in Resources */ = {isa = PBXBuildFile; fileRef = 9200C72225199A00008569B9 /* Main.storyboard */; };
		9200C72625199A02008569B9 /* Assets.xcassets in Resources */ = {isa = PBXBuildFile; fileRef = 9200C72525199A02008569B9 /* Assets.xcassets */; };
		9200C72925199A02008569B9 /* LaunchScreen.storyboard in Resources */ = {isa = PBXBuildFile; fileRef = 9200C72725199A02008569B9 /* LaunchScreen.storyboard */; };
		9200C73225199A13008569B9 /* NetworkManager.swift in Sources */ = {isa = PBXBuildFile; fileRef = 9200C73125199A13008569B9 /* NetworkManager.swift */; };
		9200C73825199B87008569B9 /* Weather.swift in Sources */ = {isa = PBXBuildFile; fileRef = 9200C73725199B87008569B9 /* Weather.swift */; };
		9200C73D2519AF91008569B9 /* DetailViewController.swift in Sources */ = {isa = PBXBuildFile; fileRef = 9200C73C2519AF91008569B9 /* DetailViewController.swift */; };
		92291676251D8EA200A7E2FB /* TableViewCell.swift in Sources */ = {isa = PBXBuildFile; fileRef = 92291674251D8EA200A7E2FB /* TableViewCell.swift */; };
		92291680251E3C0200A7E2FB /* TableView+extension.swift in Sources */ = {isa = PBXBuildFile; fileRef = 9229167F251E3C0200A7E2FB /* TableView+extension.swift */; };
		926B4EE7251F7AAC004DE21D /* TableViewRows.swift in Sources */ = {isa = PBXBuildFile; fileRef = 926B4EE6251F7AAC004DE21D /* TableViewRows.swift */; };
/* End PBXBuildFile section */

/* Begin PBXFileReference section */
		6453AA53926D7B06A04BE298 /* Pods-WeatherApp.debug.xcconfig */ = {isa = PBXFileReference; includeInIndex = 1; lastKnownFileType = text.xcconfig; name = "Pods-WeatherApp.debug.xcconfig"; path = "Target Support Files/Pods-WeatherApp/Pods-WeatherApp.debug.xcconfig"; sourceTree = "<group>"; };
		65A18CEBD24FBD07397096F6 /* Pods_WeatherApp.framework */ = {isa = PBXFileReference; explicitFileType = wrapper.framework; includeInIndex = 0; path = Pods_WeatherApp.framework; sourceTree = BUILT_PRODUCTS_DIR; };
		9200C71925199A00008569B9 /* WeatherApp.app */ = {isa = PBXFileReference; explicitFileType = wrapper.application; includeInIndex = 0; path = WeatherApp.app; sourceTree = BUILT_PRODUCTS_DIR; };
		9200C71C25199A00008569B9 /* AppDelegate.swift */ = {isa = PBXFileReference; lastKnownFileType = sourcecode.swift; path = AppDelegate.swift; sourceTree = "<group>"; };
		9200C71E25199A00008569B9 /* SceneDelegate.swift */ = {isa = PBXFileReference; lastKnownFileType = sourcecode.swift; path = SceneDelegate.swift; sourceTree = "<group>"; };
		9200C72025199A00008569B9 /* ViewController.swift */ = {isa = PBXFileReference; lastKnownFileType = sourcecode.swift; path = ViewController.swift; sourceTree = "<group>"; };
		9200C72325199A00008569B9 /* Base */ = {isa = PBXFileReference; lastKnownFileType = file.storyboard; name = Base; path = Base.lproj/Main.storyboard; sourceTree = "<group>"; };
		9200C72525199A02008569B9 /* Assets.xcassets */ = {isa = PBXFileReference; lastKnownFileType = folder.assetcatalog; path = Assets.xcassets; sourceTree = "<group>"; };
		9200C72825199A02008569B9 /* Base */ = {isa = PBXFileReference; lastKnownFileType = file.storyboard; name = Base; path = Base.lproj/LaunchScreen.storyboard; sourceTree = "<group>"; };
		9200C72A25199A02008569B9 /* Info.plist */ = {isa = PBXFileReference; lastKnownFileType = text.plist.xml; path = Info.plist; sourceTree = "<group>"; };
		9200C73125199A13008569B9 /* NetworkManager.swift */ = {isa = PBXFileReference; lastKnownFileType = sourcecode.swift; path = NetworkManager.swift; sourceTree = "<group>"; };
		9200C73725199B87008569B9 /* Weather.swift */ = {isa = PBXFileReference; lastKnownFileType = sourcecode.swift; path = Weather.swift; sourceTree = "<group>"; };
		9200C73C2519AF91008569B9 /* DetailViewController.swift */ = {isa = PBXFileReference; lastKnownFileType = sourcecode.swift; path = DetailViewController.swift; sourceTree = "<group>"; };
		92291674251D8EA200A7E2FB /* TableViewCell.swift */ = {isa = PBXFileReference; lastKnownFileType = sourcecode.swift; path = TableViewCell.swift; sourceTree = "<group>"; };
		9229167F251E3C0200A7E2FB /* TableView+extension.swift */ = {isa = PBXFileReference; lastKnownFileType = sourcecode.swift; path = "TableView+extension.swift"; sourceTree = "<group>"; };
		926B4EE6251F7AAC004DE21D /* TableViewRows.swift */ = {isa = PBXFileReference; lastKnownFileType = sourcecode.swift; path = TableViewRows.swift; sourceTree = "<group>"; };
		928CC1C2FF122F3B1ACE9918 /* Pods-WeatherApp.release.xcconfig */ = {isa = PBXFileReference; includeInIndex = 1; lastKnownFileType = text.xcconfig; name = "Pods-WeatherApp.release.xcconfig"; path = "Target Support Files/Pods-WeatherApp/Pods-WeatherApp.release.xcconfig"; sourceTree = "<group>"; };
/* End PBXFileReference section */

/* Begin PBXFrameworksBuildPhase section */
		9200C71625199A00008569B9 /* Frameworks */ = {
			isa = PBXFrameworksBuildPhase;
			buildActionMask = 2147483647;
			files = (
				5BAF23B9B596B6C33968983F /* Pods_WeatherApp.framework in Frameworks */,
			);
			runOnlyForDeploymentPostprocessing = 0;
		};
/* End PBXFrameworksBuildPhase section */

/* Begin PBXGroup section */
		248B5CE2AAB57CE44A698830 /* Frameworks */ = {
			isa = PBXGroup;
			children = (
				65A18CEBD24FBD07397096F6 /* Pods_WeatherApp.framework */,
			);
			name = Frameworks;
			sourceTree = "<group>";
		};
		6D652291844FB0D5EAD0869E /* Pods */ = {
			isa = PBXGroup;
			children = (
				6453AA53926D7B06A04BE298 /* Pods-WeatherApp.debug.xcconfig */,
				928CC1C2FF122F3B1ACE9918 /* Pods-WeatherApp.release.xcconfig */,
			);
			path = Pods;
			sourceTree = "<group>";
		};
		9200C71025199A00008569B9 = {
			isa = PBXGroup;
			children = (
				9200C71B25199A00008569B9 /* WeatherApp */,
				9200C71A25199A00008569B9 /* Products */,
				6D652291844FB0D5EAD0869E /* Pods */,
				248B5CE2AAB57CE44A698830 /* Frameworks */,
			);
			sourceTree = "<group>";
		};
		9200C71A25199A00008569B9 /* Products */ = {
			isa = PBXGroup;
			children = (
				9200C71925199A00008569B9 /* WeatherApp.app */,
			);
			name = Products;
			sourceTree = "<group>";
		};
		9200C71B25199A00008569B9 /* WeatherApp */ = {
			isa = PBXGroup;
			children = (
				9200C71C25199A00008569B9 /* AppDelegate.swift */,
				9200C71E25199A00008569B9 /* SceneDelegate.swift */,
				921EC569251A2FCA005E8583 /* ViewControllers */,
				9200C73A25199B8F008569B9 /* Models */,
				9200C73425199A22008569B9 /* Services */,
				92291679251D901100A7E2FB /* Storyboards */,
				9200C72525199A02008569B9 /* Assets.xcassets */,
				9200C72A25199A02008569B9 /* Info.plist */,
			);
			path = WeatherApp;
			sourceTree = "<group>";
		};
		9200C73425199A22008569B9 /* Services */ = {
			isa = PBXGroup;
			children = (
				9200C73125199A13008569B9 /* NetworkManager.swift */,
			);
			path = Services;
			sourceTree = "<group>";
		};
		9200C73A25199B8F008569B9 /* Models */ = {
			isa = PBXGroup;
			children = (
				9200C73725199B87008569B9 /* Weather.swift */,
				926B4EE6251F7AAC004DE21D /* TableViewRows.swift */,
			);
			path = Models;
			sourceTree = "<group>";
		};
		921EC569251A2FCA005E8583 /* ViewControllers */ = {
			isa = PBXGroup;
			children = (
				9200C72025199A00008569B9 /* ViewController.swift */,
				9200C73C2519AF91008569B9 /* DetailViewController.swift */,
				92291674251D8EA200A7E2FB /* TableViewCell.swift */,
				9229167F251E3C0200A7E2FB /* TableView+extension.swift */,
			);
			path = ViewControllers;
			sourceTree = "<group>";
		};
		92291679251D901100A7E2FB /* Storyboards */ = {
			isa = PBXGroup;
			children = (
				9200C72225199A00008569B9 /* Main.storyboard */,
				9200C72725199A02008569B9 /* LaunchScreen.storyboard */,
			);
			path = Storyboards;
			sourceTree = "<group>";
		};
/* End PBXGroup section */

/* Begin PBXNativeTarget section */
		9200C71825199A00008569B9 /* WeatherApp */ = {
			isa = PBXNativeTarget;
			buildConfigurationList = 9200C72D25199A02008569B9 /* Build configuration list for PBXNativeTarget "WeatherApp" */;
			buildPhases = (
				CF9796DB0C07815084D2C97B /* [CP] Check Pods Manifest.lock */,
				9200C71525199A00008569B9 /* Sources */,
				9200C71625199A00008569B9 /* Frameworks */,
				9200C71725199A00008569B9 /* Resources */,
				F907B7F2A535DD0D7E7B842D /* [CP] Embed Pods Frameworks */,
			);
			buildRules = (
			);
			dependencies = (
			);
			name = WeatherApp;
			productName = WeatherApp;
			productReference = 9200C71925199A00008569B9 /* WeatherApp.app */;
			productType = "com.apple.product-type.application";
		};
/* End PBXNativeTarget section */

/* Begin PBXProject section */
		9200C71125199A00008569B9 /* Project object */ = {
			isa = PBXProject;
			attributes = {
				LastSwiftUpdateCheck = 1200;
				LastUpgradeCheck = 1200;
				TargetAttributes = {
					9200C71825199A00008569B9 = {
						CreatedOnToolsVersion = 12.0;
					};
				};
			};
			buildConfigurationList = 9200C71425199A00008569B9 /* Build configuration list for PBXProject "WeatherApp" */;
			compatibilityVersion = "Xcode 9.3";
			developmentRegion = en;
			hasScannedForEncodings = 0;
			knownRegions = (
				en,
				Base,
			);
			mainGroup = 9200C71025199A00008569B9;
			productRefGroup = 9200C71A25199A00008569B9 /* Products */;
			projectDirPath = "";
			projectRoot = "";
			targets = (
				9200C71825199A00008569B9 /* WeatherApp */,
			);
		};
/* End PBXProject section */

/* Begin PBXResourcesBuildPhase section */
		9200C71725199A00008569B9 /* Resources */ = {
			isa = PBXResourcesBuildPhase;
			buildActionMask = 2147483647;
			files = (
				9200C72925199A02008569B9 /* LaunchScreen.storyboard in Resources */,
				9200C72625199A02008569B9 /* Assets.xcassets in Resources */,
				9200C72425199A00008569B9 /* Main.storyboard in Resources */,
			);
			runOnlyForDeploymentPostprocessing = 0;
		};
/* End PBXResourcesBuildPhase section */

/* Begin PBXShellScriptBuildPhase section */
		CF9796DB0C07815084D2C97B /* [CP] Check Pods Manifest.lock */ = {
			isa = PBXShellScriptBuildPhase;
			buildActionMask = 2147483647;
			files = (
			);
			inputFileListPaths = (
			);
			inputPaths = (
				"${PODS_PODFILE_DIR_PATH}/Podfile.lock",
				"${PODS_ROOT}/Manifest.lock",
			);
			name = "[CP] Check Pods Manifest.lock";
			outputFileListPaths = (
			);
			outputPaths = (
				"$(DERIVED_FILE_DIR)/Pods-WeatherApp-checkManifestLockResult.txt",
			);
			runOnlyForDeploymentPostprocessing = 0;
			shellPath = /bin/sh;
			shellScript = "diff \"${PODS_PODFILE_DIR_PATH}/Podfile.lock\" \"${PODS_ROOT}/Manifest.lock\" > /dev/null\nif [ $? != 0 ] ; then\n    # print error to STDERR\n    echo \"error: The sandbox is not in sync with the Podfile.lock. Run 'pod install' or update your CocoaPods installation.\" >&2\n    exit 1\nfi\n# This output is used by Xcode 'outputs' to avoid re-running this script phase.\necho \"SUCCESS\" > \"${SCRIPT_OUTPUT_FILE_0}\"\n";
			showEnvVarsInLog = 0;
		};
		F907B7F2A535DD0D7E7B842D /* [CP] Embed Pods Frameworks */ = {
			isa = PBXShellScriptBuildPhase;
			buildActionMask = 2147483647;
			files = (
			);
			inputFileListPaths = (
				"${PODS_ROOT}/Target Support Files/Pods-WeatherApp/Pods-WeatherApp-frameworks-${CONFIGURATION}-input-files.xcfilelist",
			);
			name = "[CP] Embed Pods Frameworks";
			outputFileListPaths = (
				"${PODS_ROOT}/Target Support Files/Pods-WeatherApp/Pods-WeatherApp-frameworks-${CONFIGURATION}-output-files.xcfilelist",
			);
			runOnlyForDeploymentPostprocessing = 0;
			shellPath = /bin/sh;
			shellScript = "\"${PODS_ROOT}/Target Support Files/Pods-WeatherApp/Pods-WeatherApp-frameworks.sh\"\n";
			showEnvVarsInLog = 0;
		};
/* End PBXShellScriptBuildPhase section */

/* Begin PBXSourcesBuildPhase section */
		9200C71525199A00008569B9 /* Sources */ = {
			isa = PBXSourcesBuildPhase;
			buildActionMask = 2147483647;
			files = (
				9200C72125199A00008569B9 /* ViewController.swift in Sources */,
				9200C71D25199A00008569B9 /* AppDelegate.swift in Sources */,
				9200C71F25199A00008569B9 /* SceneDelegate.swift in Sources */,
				9200C73D2519AF91008569B9 /* DetailViewController.swift in Sources */,
				9200C73225199A13008569B9 /* NetworkManager.swift in Sources */,
				92291676251D8EA200A7E2FB /* TableViewCell.swift in Sources */,
				9200C73825199B87008569B9 /* Weather.swift in Sources */,
				926B4EE7251F7AAC004DE21D /* TableViewRows.swift in Sources */,
				92291680251E3C0200A7E2FB /* TableView+extension.swift in Sources */,
			);
			runOnlyForDeploymentPostprocessing = 0;
		};
/* End PBXSourcesBuildPhase section */

/* Begin PBXVariantGroup section */
		9200C72225199A00008569B9 /* Main.storyboard */ = {
			isa = PBXVariantGroup;
			children = (
				9200C72325199A00008569B9 /* Base */,
			);
			name = Main.storyboard;
			sourceTree = "<group>";
		};
		9200C72725199A02008569B9 /* LaunchScreen.storyboard */ = {
			isa = PBXVariantGroup;
			children = (
				9200C72825199A02008569B9 /* Base */,
			);
			name = LaunchScreen.storyboard;
			sourceTree = "<group>";
		};
/* End PBXVariantGroup section */

/* Begin XCBuildConfiguration section */
		9200C72B25199A02008569B9 /* Debug */ = {
			isa = XCBuildConfiguration;
			buildSettings = {
				ALWAYS_SEARCH_USER_PATHS = NO;
				CLANG_ANALYZER_NONNULL = YES;
				CLANG_ANALYZER_NUMBER_OBJECT_CONVERSION = YES_AGGRESSIVE;
				CLANG_CXX_LANGUAGE_STANDARD = "gnu++14";
				CLANG_CXX_LIBRARY = "libc++";
				CLANG_ENABLE_MODULES = YES;
				CLANG_ENABLE_OBJC_ARC = YES;
				CLANG_ENABLE_OBJC_WEAK = YES;
				CLANG_WARN_BLOCK_CAPTURE_AUTORELEASING = YES;
				CLANG_WARN_BOOL_CONVERSION = YES;
				CLANG_WARN_COMMA = YES;
				CLANG_WARN_CONSTANT_CONVERSION = YES;
				CLANG_WARN_DEPRECATED_OBJC_IMPLEMENTATIONS = YES;
				CLANG_WARN_DIRECT_OBJC_ISA_USAGE = YES_ERROR;
				CLANG_WARN_DOCUMENTATION_COMMENTS = YES;
				CLANG_WARN_EMPTY_BODY = YES;
				CLANG_WARN_ENUM_CONVERSION = YES;
				CLANG_WARN_INFINITE_RECURSION = YES;
				CLANG_WARN_INT_CONVERSION = YES;
				CLANG_WARN_NON_LITERAL_NULL_CONVERSION = YES;
				CLANG_WARN_OBJC_IMPLICIT_RETAIN_SELF = YES;
				CLANG_WARN_OBJC_LITERAL_CONVERSION = YES;
				CLANG_WARN_OBJC_ROOT_CLASS = YES_ERROR;
				CLANG_WARN_QUOTED_INCLUDE_IN_FRAMEWORK_HEADER = YES;
				CLANG_WARN_RANGE_LOOP_ANALYSIS = YES;
				CLANG_WARN_STRICT_PROTOTYPES = YES;
				CLANG_WARN_SUSPICIOUS_MOVE = YES;
				CLANG_WARN_UNGUARDED_AVAILABILITY = YES_AGGRESSIVE;
				CLANG_WARN_UNREACHABLE_CODE = YES;
				CLANG_WARN__DUPLICATE_METHOD_MATCH = YES;
				COPY_PHASE_STRIP = NO;
				DEBUG_INFORMATION_FORMAT = dwarf;
				ENABLE_STRICT_OBJC_MSGSEND = YES;
				ENABLE_TESTABILITY = YES;
				GCC_C_LANGUAGE_STANDARD = gnu11;
				GCC_DYNAMIC_NO_PIC = NO;
				GCC_NO_COMMON_BLOCKS = YES;
				GCC_OPTIMIZATION_LEVEL = 0;
				GCC_PREPROCESSOR_DEFINITIONS = (
					"DEBUG=1",
					"$(inherited)",
				);
				GCC_WARN_64_TO_32_BIT_CONVERSION = YES;
				GCC_WARN_ABOUT_RETURN_TYPE = YES_ERROR;
				GCC_WARN_UNDECLARED_SELECTOR = YES;
				GCC_WARN_UNINITIALIZED_AUTOS = YES_AGGRESSIVE;
				GCC_WARN_UNUSED_FUNCTION = YES;
				GCC_WARN_UNUSED_VARIABLE = YES;
				IPHONEOS_DEPLOYMENT_TARGET = 14.0;
				MTL_ENABLE_DEBUG_INFO = INCLUDE_SOURCE;
				MTL_FAST_MATH = YES;
				ONLY_ACTIVE_ARCH = YES;
				SDKROOT = iphoneos;
				SWIFT_ACTIVE_COMPILATION_CONDITIONS = DEBUG;
				SWIFT_OPTIMIZATION_LEVEL = "-Onone";
			};
			name = Debug;
		};
		9200C72C25199A02008569B9 /* Release */ = {
			isa = XCBuildConfiguration;
			buildSettings = {
				ALWAYS_SEARCH_USER_PATHS = NO;
				CLANG_ANALYZER_NONNULL = YES;
				CLANG_ANALYZER_NUMBER_OBJECT_CONVERSION = YES_AGGRESSIVE;
				CLANG_CXX_LANGUAGE_STANDARD = "gnu++14";
				CLANG_CXX_LIBRARY = "libc++";
				CLANG_ENABLE_MODULES = YES;
				CLANG_ENABLE_OBJC_ARC = YES;
				CLANG_ENABLE_OBJC_WEAK = YES;
				CLANG_WARN_BLOCK_CAPTURE_AUTORELEASING = YES;
				CLANG_WARN_BOOL_CONVERSION = YES;
				CLANG_WARN_COMMA = YES;
				CLANG_WARN_CONSTANT_CONVERSION = YES;
				CLANG_WARN_DEPRECATED_OBJC_IMPLEMENTATIONS = YES;
				CLANG_WARN_DIRECT_OBJC_ISA_USAGE = YES_ERROR;
				CLANG_WARN_DOCUMENTATION_COMMENTS = YES;
				CLANG_WARN_EMPTY_BODY = YES;
				CLANG_WARN_ENUM_CONVERSION = YES;
				CLANG_WARN_INFINITE_RECURSION = YES;
				CLANG_WARN_INT_CONVERSION = YES;
				CLANG_WARN_NON_LITERAL_NULL_CONVERSION = YES;
				CLANG_WARN_OBJC_IMPLICIT_RETAIN_SELF = YES;
				CLANG_WARN_OBJC_LITERAL_CONVERSION = YES;
				CLANG_WARN_OBJC_ROOT_CLASS = YES_ERROR;
				CLANG_WARN_QUOTED_INCLUDE_IN_FRAMEWORK_HEADER = YES;
				CLANG_WARN_RANGE_LOOP_ANALYSIS = YES;
				CLANG_WARN_STRICT_PROTOTYPES = YES;
				CLANG_WARN_SUSPICIOUS_MOVE = YES;
				CLANG_WARN_UNGUARDED_AVAILABILITY = YES_AGGRESSIVE;
				CLANG_WARN_UNREACHABLE_CODE = YES;
				CLANG_WARN__DUPLICATE_METHOD_MATCH = YES;
				COPY_PHASE_STRIP = NO;
				DEBUG_INFORMATION_FORMAT = "dwarf-with-dsym";
				ENABLE_NS_ASSERTIONS = NO;
				ENABLE_STRICT_OBJC_MSGSEND = YES;
				GCC_C_LANGUAGE_STANDARD = gnu11;
				GCC_NO_COMMON_BLOCKS = YES;
				GCC_WARN_64_TO_32_BIT_CONVERSION = YES;
				GCC_WARN_ABOUT_RETURN_TYPE = YES_ERROR;
				GCC_WARN_UNDECLARED_SELECTOR = YES;
				GCC_WARN_UNINITIALIZED_AUTOS = YES_AGGRESSIVE;
				GCC_WARN_UNUSED_FUNCTION = YES;
				GCC_WARN_UNUSED_VARIABLE = YES;
				IPHONEOS_DEPLOYMENT_TARGET = 14.0;
				MTL_ENABLE_DEBUG_INFO = NO;
				MTL_FAST_MATH = YES;
				SDKROOT = iphoneos;
				SWIFT_COMPILATION_MODE = wholemodule;
				SWIFT_OPTIMIZATION_LEVEL = "-O";
				VALIDATE_PRODUCT = YES;
			};
			name = Release;
		};
		9200C72E25199A02008569B9 /* Debug */ = {
			isa = XCBuildConfiguration;
			baseConfigurationReference = 6453AA53926D7B06A04BE298 /* Pods-WeatherApp.debug.xcconfig */;
			buildSettings = {
				ASSETCATALOG_COMPILER_APPICON_NAME = AppIcon;
				ASSETCATALOG_COMPILER_GLOBAL_ACCENT_COLOR_NAME = AccentColor;
				CODE_SIGN_STYLE = Automatic;
				INFOPLIST_FILE = WeatherApp/Info.plist;
				LD_RUNPATH_SEARCH_PATHS = (
					"$(inherited)",
					"@executable_path/Frameworks",
				);
				PRODUCT_BUNDLE_IDENTIFIER = Denis.WeatherApp;
				PRODUCT_NAME = "$(TARGET_NAME)";
				SWIFT_VERSION = 5.0;
				TARGETED_DEVICE_FAMILY = "1,2";
			};
			name = Debug;
		};
		9200C72F25199A02008569B9 /* Release */ = {
			isa = XCBuildConfiguration;
			baseConfigurationReference = 928CC1C2FF122F3B1ACE9918 /* Pods-WeatherApp.release.xcconfig */;
			buildSettings = {
				ASSETCATALOG_COMPILER_APPICON_NAME = AppIcon;
				ASSETCATALOG_COMPILER_GLOBAL_ACCENT_COLOR_NAME = AccentColor;
				CODE_SIGN_STYLE = Automatic;
				INFOPLIST_FILE = WeatherApp/Info.plist;
				LD_RUNPATH_SEARCH_PATHS = (
					"$(inherited)",
					"@executable_path/Frameworks",
				);
				PRODUCT_BUNDLE_IDENTIFIER = Denis.WeatherApp;
				PRODUCT_NAME = "$(TARGET_NAME)";
				SWIFT_VERSION = 5.0;
				TARGETED_DEVICE_FAMILY = "1,2";
			};
			name = Release;
		};
/* End XCBuildConfiguration section */

/* Begin XCConfigurationList section */
		9200C71425199A00008569B9 /* Build configuration list for PBXProject "WeatherApp" */ = {
			isa = XCConfigurationList;
			buildConfigurations = (
				9200C72B25199A02008569B9 /* Debug */,
				9200C72C25199A02008569B9 /* Release */,
			);
			defaultConfigurationIsVisible = 0;
			defaultConfigurationName = Release;
		};
		9200C72D25199A02008569B9 /* Build configuration list for PBXNativeTarget "WeatherApp" */ = {
			isa = XCConfigurationList;
			buildConfigurations = (
				9200C72E25199A02008569B9 /* Debug */,
				9200C72F25199A02008569B9 /* Release */,
			);
			defaultConfigurationIsVisible = 0;
			defaultConfigurationName = Release;
		};
/* End XCConfigurationList section */
	};
	rootObject = 9200C71125199A00008569B9 /* Project object */;
}
